
Microsoft Visual Studio Solution File, Format Version 12.00
# Visual Studio Version 17
VisualStudioVersion = 17.5.33516.290
MinimumVisualStudioVersion = 10.0.40219.1
Project("{FAE04EC0-301F-11D3-BF4B-00C04F79EFBC}") = "NetPerformanceBenchmarksRunner", "NetPerformanceBenchmarksRunner\NetPerformanceBenchmarksRunner.csproj", "{8D074744-FA63-48AA-9544-85EA62B95C00}"
EndProject
Global
	GlobalSection(SolutionConfigurationPlatforms) = preSolution
		Debug|Any CPU = Debug|Any CPU
		Release|Any CPU = Release|Any CPU
	EndGlobalSection
	GlobalSection(ProjectConfigurationPlatforms) = postSolution
		{8D074744-FA63-48AA-9544-85EA62B95C00}.Debug|Any CPU.ActiveCfg = Debug|Any CPU
		{8D074744-FA63-48AA-9544-85EA62B95C00}.Debug|Any CPU.Build.0 = Debug|Any CPU
		{8D074744-FA63-48AA-9544-85EA62B95C00}.Release|Any CPU.ActiveCfg = Release|Any CPU
		{8D074744-FA63-48AA-9544-85EA62B95C00}.Release|Any CPU.Build.0 = Release|Any CPU
	EndGlobalSection
	GlobalSection(SolutionProperties) = preSolution
		HideSolutionNode = FALSE
	EndGlobalSection
	GlobalSection(ExtensibilityGlobals) = postSolution
		SolutionGuid = {D24F5861-11C8-4191-92BD-DFC4629C9152}
	EndGlobalSection
EndGlobal
